{
  "originHash" : "9df483d0011f9e646fbbd8b12b9f9bf8f42953d44971f6e9f18d8341d18f567b",
  "pins" : [
    {
      "identity" : "libxlsxwriter",
      "kind" : "remoteSourceControl",
      "location" : "https://github.com/jmcnamara/libxlsxwriter",
      "state" : {
        "revision" : "69e5c5e1cee8209e4e47ff14065f02dda7d33399",
        "version" : "1.2.0"
      }
    }
  ],
  "version" : 3
}
